
Microsoft Visual Studio Solution File, Format Version 12.00
# Visual Studio Version 16
VisualStudioVersion = 16.0.30128.74
MinimumVisualStudioVersion = 10.0.40219.1
Project("{FAE04EC0-301F-11D3-BF4B-00C04F79EFBC}") = "Theatre v2.0", "Theatre v2.0\Theatre v2.0.csproj", "{628051D3-DC48-4DA4-9694-DE6F861A9421}"
EndProject
Global
	GlobalSection(SolutionConfigurationPlatforms) = preSolution
		Debug|Any CPU = Debug|Any CPU
		Release|Any CPU = Release|Any CPU
	EndGlobalSection
	GlobalSection(ProjectConfigurationPlatforms) = postSolution
		{628051D3-DC48-4DA4-9694-DE6F861A9421}.Debug|Any CPU.ActiveCfg = Debug|Any CPU
		{628051D3-DC48-4DA4-9694-DE6F861A9421}.Debug|Any CPU.Build.0 = Debug|Any CPU
		{628051D3-DC48-4DA4-9694-DE6F861A9421}.Release|Any CPU.ActiveCfg = Release|Any CPU
		{628051D3-DC48-4DA4-9694-DE6F861A9421}.Release|Any CPU.Build.0 = Release|Any CPU
	EndGlobalSection
	GlobalSection(SolutionProperties) = preSolution
		HideSolutionNode = FALSE
	EndGlobalSection
	GlobalSection(ExtensibilityGlobals) = postSolution
		SolutionGuid = {2CDB2393-A379-4851-A42D-FF322853D860}
	EndGlobalSection
EndGlobal
